
Microsoft Visual Studio Solution File, Format Version 12.00
# Visual Studio 15
VisualStudioVersion = 15.0.27130.2010
MinimumVisualStudioVersion = 10.0.40219.1
Project("{FAE04EC0-301F-11D3-BF4B-00C04F79EFBC}") = "MobileAppsQuickstart.Android", "MobileAppsQuickstart\MobileAppsQuickstart.Android\MobileAppsQuickstart.Android.csproj", "{BCA9A45F-DE6B-4AA6-A476-817E73EBE19D}"
EndProject
Project("{FAE04EC0-301F-11D3-BF4B-00C04F79EFBC}") = "MobileAppsQuickstart.iOS", "MobileAppsQuickstart\MobileAppsQuickstart.iOS\MobileAppsQuickstart.iOS.csproj", "{E28631AE-39CC-4134-8623-8AD1A4F7814E}"
EndProject
Project("{FAE04EC0-301F-11D3-BF4B-00C04F79EFBC}") = "MobileAppsQuickstart.UWP", "MobileAppsQuickstart\MobileAppsQuickstart.UWP\MobileAppsQuickstart.UWP.csproj", "{19F480BC-0848-4735-AA90-306DF068936D}"
EndProject
Project("{FAE04EC0-301F-11D3-BF4B-00C04F79EFBC}") = "MobileAppsQuickstart", "MobileAppsQuickstart\MobileAppsQuickstart\MobileAppsQuickstart.csproj", "{41D44FAF-A619-4B55-8087-2170C313F0C1}"
EndProject
Global
	GlobalSection(SolutionConfigurationPlatforms) = preSolution
		Ad-Hoc|Any CPU = Ad-Hoc|Any CPU
		Ad-Hoc|ARM = Ad-Hoc|ARM
		Ad-Hoc|iPhone = Ad-Hoc|iPhone
		Ad-Hoc|iPhoneSimulator = Ad-Hoc|iPhoneSimulator
		Ad-Hoc|x64 = Ad-Hoc|x64
		Ad-Hoc|x86 = Ad-Hoc|x86
		AppStore|Any CPU = AppStore|Any CPU
		AppStore|ARM = AppStore|ARM
		AppStore|iPhone = AppStore|iPhone
		AppStore|iPhoneSimulator = AppStore|iPhoneSimulator
		AppStore|x64 = AppStore|x64
		AppStore|x86 = AppStore|x86
		Debug|Any CPU = Debug|Any CPU
		Debug|ARM = Debug|ARM
		Debug|iPhone = Debug|iPhone
		Debug|iPhoneSimulator = Debug|iPhoneSimulator
		Debug|x64 = Debug|x64
		Debug|x86 = Debug|x86
		Release|Any CPU = Release|Any CPU
		Release|ARM = Release|ARM
		Release|iPhone = Release|iPhone
		Release|iPhoneSimulator = Release|iPhoneSimulator
		Release|x64 = Release|x64
		Release|x86 = Release|x86
	EndGlobalSection
	GlobalSection(ProjectConfigurationPlatforms) = postSolution
		{BCA9A45F-DE6B-4AA6-A476-817E73EBE19D}.Ad-Hoc|Any CPU.ActiveCfg = Release|Any CPU
		{BCA9A45F-DE6B-4AA6-A476-817E73EBE19D}.Ad-Hoc|Any CPU.Build.0 = Release|Any CPU
		{BCA9A45F-DE6B-4AA6-A476-817E73EBE19D}.Ad-Hoc|Any CPU.Deploy.0 = Release|Any CPU
		{BCA9A45F-DE6B-4AA6-A476-817E73EBE19D}.Ad-Hoc|ARM.ActiveCfg = Release|Any CPU
		{BCA9A45F-DE6B-4AA6-A476-817E73EBE19D}.Ad-Hoc|ARM.Build.0 = Release|Any CPU
		{BCA9A45F-DE6B-4AA6-A476-817E73EBE19D}.Ad-Hoc|ARM.Deploy.0 = Release|Any CPU
		{BCA9A45F-DE6B-4AA6-A476-817E73EBE19D}.Ad-Hoc|iPhone.ActiveCfg = Release|Any CPU
		{BCA9A45F-DE6B-4AA6-A476-817E73EBE19D}.Ad-Hoc|iPhone.Build.0 = Release|Any CPU
		{BCA9A45F-DE6B-4AA6-A476-817E73EBE19D}.Ad-Hoc|iPhone.Deploy.0 = Release|Any CPU
		{BCA9A45F-DE6B-4AA6-A476-817E73EBE19D}.Ad-Hoc|iPhoneSimulator.ActiveCfg = Release|Any CPU
		{BCA9A45F-DE6B-4AA6-A476-817E73EBE19D}.Ad-Hoc|iPhoneSimulator.Build.0 = Release|Any CPU
		{BCA9A45F-DE6B-4AA6-A476-817E73EBE19D}.Ad-Hoc|iPhoneSimulator.Deploy.0 = Release|Any CPU
		{BCA9A45F-DE6B-4AA6-A476-817E73EBE19D}.Ad-Hoc|x64.ActiveCfg = Release|Any CPU
		{BCA9A45F-DE6B-4AA6-A476-817E73EBE19D}.Ad-Hoc|x64.Build.0 = Release|Any CPU
		{BCA9A45F-DE6B-4AA6-A476-817E73EBE19D}.Ad-Hoc|x64.Deploy.0 = Release|Any CPU
		{BCA9A45F-DE6B-4AA6-A476-817E73EBE19D}.Ad-Hoc|x86.ActiveCfg = Release|Any CPU
		{BCA9A45F-DE6B-4AA6-A476-817E73EBE19D}.Ad-Hoc|x86.Build.0 = Release|Any CPU
		{BCA9A45F-DE6B-4AA6-A476-817E73EBE19D}.Ad-Hoc|x86.Deploy.0 = Release|Any CPU
		{BCA9A45F-DE6B-4AA6-A476-817E73EBE19D}.AppStore|Any CPU.ActiveCfg = Release|Any CPU
		{BCA9A45F-DE6B-4AA6-A476-817E73EBE19D}.AppStore|Any CPU.Build.0 = Release|Any CPU
		{BCA9A45F-DE6B-4AA6-A476-817E73EBE19D}.AppStore|Any CPU.Deploy.0 = Release|Any CPU
		{BCA9A45F-DE6B-4AA6-A476-817E73EBE19D}.AppStore|ARM.ActiveCfg = Release|Any CPU
		{BCA9A45F-DE6B-4AA6-A476-817E73EBE19D}.AppStore|ARM.Build.0 = Release|Any CPU
		{BCA9A45F-DE6B-4AA6-A476-817E73EBE19D}.AppStore|ARM.Deploy.0 = Release|Any CPU
		{BCA9A45F-DE6B-4AA6-A476-817E73EBE19D}.AppStore|iPhone.ActiveCfg = Release|Any CPU
		{BCA9A45F-DE6B-4AA6-A476-817E73EBE19D}.AppStore|iPhone.Build.0 = Release|Any CPU
		{BCA9A45F-DE6B-4AA6-A476-817E73EBE19D}.AppStore|iPhone.Deploy.0 = Release|Any CPU
		{BCA9A45F-DE6B-4AA6-A476-817E73EBE19D}.AppStore|iPhoneSimulator.ActiveCfg = Release|Any CPU
		{BCA9A45F-DE6B-4AA6-A476-817E73EBE19D}.AppStore|iPhoneSimulator.Build.0 = Release|Any CPU
		{BCA9A45F-DE6B-4AA6-A476-817E73EBE19D}.AppStore|iPhoneSimulator.Deploy.0 = Release|Any CPU
		{BCA9A45F-DE6B-4AA6-A476-817E73EBE19D}.AppStore|x64.ActiveCfg = Release|Any CPU
		{BCA9A45F-DE6B-4AA6-A476-817E73EBE19D}.AppStore|x64.Build.0 = Release|Any CPU
		{BCA9A45F-DE6B-4AA6-A476-817E73EBE19D}.AppStore|x64.Deploy.0 = Release|Any CPU
		{BCA9A45F-DE6B-4AA6-A476-817E73EBE19D}.AppStore|x86.ActiveCfg = Release|Any CPU
		{BCA9A45F-DE6B-4AA6-A476-817E73EBE19D}.AppStore|x86.Build.0 = Release|Any CPU
		{BCA9A45F-DE6B-4AA6-A476-817E73EBE19D}.AppStore|x86.Deploy.0 = Release|Any CPU
		{BCA9A45F-DE6B-4AA6-A476-817E73EBE19D}.Debug|Any CPU.ActiveCfg = Debug|Any CPU
		{BCA9A45F-DE6B-4AA6-A476-817E73EBE19D}.Debug|Any CPU.Build.0 = Debug|Any CPU
		{BCA9A45F-DE6B-4AA6-A476-817E73EBE19D}.Debug|Any CPU.Deploy.0 = Debug|Any CPU
		{BCA9A45F-DE6B-4AA6-A476-817E73EBE19D}.Debug|ARM.ActiveCfg = Debug|Any CPU
		{BCA9A45F-DE6B-4AA6-A476-817E73EBE19D}.Debug|ARM.Build.0 = Debug|Any CPU
		{BCA9A45F-DE6B-4AA6-A476-817E73EBE19D}.Debug|ARM.Deploy.0 = Debug|Any CPU
		{BCA9A45F-DE6B-4AA6-A476-817E73EBE19D}.Debug|iPhone.ActiveCfg = Debug|Any CPU
		{BCA9A45F-DE6B-4AA6-A476-817E73EBE19D}.Debug|iPhone.Build.0 = Debug|Any CPU
		{BCA9A45F-DE6B-4AA6-A476-817E73EBE19D}.Debug|iPhone.Deploy.0 = Debug|Any CPU
		{BCA9A45F-DE6B-4AA6-A476-817E73EBE19D}.Debug|iPhoneSimulator.ActiveCfg = Debug|Any CPU
		{BCA9A45F-DE6B-4AA6-A476-817E73EBE19D}.Debug|iPhoneSimulator.Build.0 = Debug|Any CPU
		{BCA9A45F-DE6B-4AA6-A476-817E73EBE19D}.Debug|iPhoneSimulator.Deploy.0 = Debug|Any CPU
		{BCA9A45F-DE6B-4AA6-A476-817E73EBE19D}.Debug|x64.ActiveCfg = Debug|Any CPU
		{BCA9A45F-DE6B-4AA6-A476-817E73EBE19D}.Debug|x64.Build.0 = Debug|Any CPU
		{BCA9A45F-DE6B-4AA6-A476-817E73EBE19D}.Debug|x64.Deploy.0 = Debug|Any CPU
		{BCA9A45F-DE6B-4AA6-A476-817E73EBE19D}.Debug|x86.ActiveCfg = Debug|Any CPU
		{BCA9A45F-DE6B-4AA6-A476-817E73EBE19D}.Debug|x86.Build.0 = Debug|Any CPU
		{BCA9A45F-DE6B-4AA6-A476-817E73EBE19D}.Debug|x86.Deploy.0 = Debug|Any CPU
		{BCA9A45F-DE6B-4AA6-A476-817E73EBE19D}.Release|Any CPU.ActiveCfg = Release|Any CPU
		{BCA9A45F-DE6B-4AA6-A476-817E73EBE19D}.Release|Any CPU.Build.0 = Release|Any CPU
		{BCA9A45F-DE6B-4AA6-A476-817E73EBE19D}.Release|Any CPU.Deploy.0 = Release|Any CPU
		{BCA9A45F-DE6B-4AA6-A476-817E73EBE19D}.Release|ARM.ActiveCfg = Release|Any CPU
		{BCA9A45F-DE6B-4AA6-A476-817E73EBE19D}.Release|ARM.Build.0 = Release|Any CPU
		{BCA9A45F-DE6B-4AA6-A476-817E73EBE19D}.Release|ARM.Deploy.0 = Release|Any CPU
		{BCA9A45F-DE6B-4AA6-A476-817E73EBE19D}.Release|iPhone.ActiveCfg = Release|Any CPU
		{BCA9A45F-DE6B-4AA6-A476-817E73EBE19D}.Release|iPhone.Build.0 = Release|Any CPU
		{BCA9A45F-DE6B-4AA6-A476-817E73EBE19D}.Release|iPhone.Deploy.0 = Release|Any CPU
		{BCA9A45F-DE6B-4AA6-A476-817E73EBE19D}.Release|iPhoneSimulator.ActiveCfg = Release|Any CPU
		{BCA9A45F-DE6B-4AA6-A476-817E73EBE19D}.Release|iPhoneSimulator.Build.0 = Release|Any CPU
		{BCA9A45F-DE6B-4AA6-A476-817E73EBE19D}.Release|iPhoneSimulator.Deploy.0 = Release|Any CPU
		{BCA9A45F-DE6B-4AA6-A476-817E73EBE19D}.Release|x64.ActiveCfg = Release|Any CPU
		{BCA9A45F-DE6B-4AA6-A476-817E73EBE19D}.Release|x64.Build.0 = Release|Any CPU
		{BCA9A45F-DE6B-4AA6-A476-817E73EBE19D}.Release|x64.Deploy.0 = Release|Any CPU
		{BCA9A45F-DE6B-4AA6-A476-817E73EBE19D}.Release|x86.ActiveCfg = Release|Any CPU
		{BCA9A45F-DE6B-4AA6-A476-817E73EBE19D}.Release|x86.Build.0 = Release|Any CPU
		{BCA9A45F-DE6B-4AA6-A476-817E73EBE19D}.Release|x86.Deploy.0 = Release|Any CPU
		{E28631AE-39CC-4134-8623-8AD1A4F7814E}.Ad-Hoc|Any CPU.ActiveCfg = Ad-Hoc|iPhone
		{E28631AE-39CC-4134-8623-8AD1A4F7814E}.Ad-Hoc|ARM.ActiveCfg = Ad-Hoc|iPhone
		{E28631AE-39CC-4134-8623-8AD1A4F7814E}.Ad-Hoc|iPhone.ActiveCfg = Ad-Hoc|iPhone
		{E28631AE-39CC-4134-8623-8AD1A4F7814E}.Ad-Hoc|iPhone.Build.0 = Ad-Hoc|iPhone
		{E28631AE-39CC-4134-8623-8AD1A4F7814E}.Ad-Hoc|iPhoneSimulator.ActiveCfg = Ad-Hoc|iPhoneSimulator
		{E28631AE-39CC-4134-8623-8AD1A4F7814E}.Ad-Hoc|iPhoneSimulator.Build.0 = Ad-Hoc|iPhoneSimulator
		{E28631AE-39CC-4134-8623-8AD1A4F7814E}.Ad-Hoc|x64.ActiveCfg = Ad-Hoc|iPhone
		{E28631AE-39CC-4134-8623-8AD1A4F7814E}.Ad-Hoc|x86.ActiveCfg = Ad-Hoc|iPhone
		{E28631AE-39CC-4134-8623-8AD1A4F7814E}.AppStore|Any CPU.ActiveCfg = AppStore|iPhone
		{E28631AE-39CC-4134-8623-8AD1A4F7814E}.AppStore|ARM.ActiveCfg = AppStore|iPhone
		{E28631AE-39CC-4134-8623-8AD1A4F7814E}.AppStore|iPhone.ActiveCfg = AppStore|iPhone
		{E28631AE-39CC-4134-8623-8AD1A4F7814E}.AppStore|iPhone.Build.0 = AppStore|iPhone
		{E28631AE-39CC-4134-8623-8AD1A4F7814E}.AppStore|iPhoneSimulator.ActiveCfg = AppStore|iPhoneSimulator
		{E28631AE-39CC-4134-8623-8AD1A4F7814E}.AppStore|iPhoneSimulator.Build.0 = AppStore|iPhoneSimulator
		{E28631AE-39CC-4134-8623-8AD1A4F7814E}.AppStore|x64.ActiveCfg = AppStore|iPhone
		{E28631AE-39CC-4134-8623-8AD1A4F7814E}.AppStore|x86.ActiveCfg = AppStore|iPhone
		{E28631AE-39CC-4134-8623-8AD1A4F7814E}.Debug|Any CPU.ActiveCfg = Debug|iPhone
		{E28631AE-39CC-4134-8623-8AD1A4F7814E}.Debug|ARM.ActiveCfg = Debug|iPhone
		{E28631AE-39CC-4134-8623-8AD1A4F7814E}.Debug|iPhone.ActiveCfg = Debug|iPhone
		{E28631AE-39CC-4134-8623-8AD1A4F7814E}.Debug|iPhone.Build.0 = Debug|iPhone
		{E28631AE-39CC-4134-8623-8AD1A4F7814E}.Debug|iPhoneSimulator.ActiveCfg = Debug|iPhoneSimulator
		{E28631AE-39CC-4134-8623-8AD1A4F7814E}.Debug|iPhoneSimulator.Build.0 = Debug|iPhoneSimulator
		{E28631AE-39CC-4134-8623-8AD1A4F7814E}.Debug|x64.ActiveCfg = Debug|iPhone
		{E28631AE-39CC-4134-8623-8AD1A4F7814E}.Debug|x86.ActiveCfg = Debug|iPhone
		{E28631AE-39CC-4134-8623-8AD1A4F7814E}.Release|Any CPU.ActiveCfg = Release|iPhone
		{E28631AE-39CC-4134-8623-8AD1A4F7814E}.Release|ARM.ActiveCfg = Release|iPhone
		{E28631AE-39CC-4134-8623-8AD1A4F7814E}.Release|iPhone.ActiveCfg = Release|iPhone
		{E28631AE-39CC-4134-8623-8AD1A4F7814E}.Release|iPhone.Build.0 = Release|iPhone
		{E28631AE-39CC-4134-8623-8AD1A4F7814E}.Release|iPhoneSimulator.ActiveCfg = Release|iPhoneSimulator
		{E28631AE-39CC-4134-8623-8AD1A4F7814E}.Release|iPhoneSimulator.Build.0 = Release|iPhoneSimulator
		{E28631AE-39CC-4134-8623-8AD1A4F7814E}.Release|x64.ActiveCfg = Release|iPhone
		{E28631AE-39CC-4134-8623-8AD1A4F7814E}.Release|x86.ActiveCfg = Release|iPhone
		{19F480BC-0848-4735-AA90-306DF068936D}.Ad-Hoc|Any CPU.ActiveCfg = Release|x86
		{19F480BC-0848-4735-AA90-306DF068936D}.Ad-Hoc|Any CPU.Build.0 = Release|x86
		{19F480BC-0848-4735-AA90-306DF068936D}.Ad-Hoc|Any CPU.Deploy.0 = Release|x86
		{19F480BC-0848-4735-AA90-306DF068936D}.Ad-Hoc|ARM.ActiveCfg = Release|ARM
		{19F480BC-0848-4735-AA90-306DF068936D}.Ad-Hoc|ARM.Build.0 = Release|ARM
		{19F480BC-0848-4735-AA90-306DF068936D}.Ad-Hoc|ARM.Deploy.0 = Release|ARM
		{19F480BC-0848-4735-AA90-306DF068936D}.Ad-Hoc|iPhone.ActiveCfg = Release|x86
		{19F480BC-0848-4735-AA90-306DF068936D}.Ad-Hoc|iPhone.Build.0 = Release|x86
		{19F480BC-0848-4735-AA90-306DF068936D}.Ad-Hoc|iPhone.Deploy.0 = Release|x86
		{19F480BC-0848-4735-AA90-306DF068936D}.Ad-Hoc|iPhoneSimulator.ActiveCfg = Release|x86
		{19F480BC-0848-4735-AA90-306DF068936D}.Ad-Hoc|iPhoneSimulator.Build.0 = Release|x86
		{19F480BC-0848-4735-AA90-306DF068936D}.Ad-Hoc|iPhoneSimulator.Deploy.0 = Release|x86
		{19F480BC-0848-4735-AA90-306DF068936D}.Ad-Hoc|x64.ActiveCfg = Release|x64
		{19F480BC-0848-4735-AA90-306DF068936D}.Ad-Hoc|x64.Build.0 = Release|x64
		{19F480BC-0848-4735-AA90-306DF068936D}.Ad-Hoc|x64.Deploy.0 = Release|x64
		{19F480BC-0848-4735-AA90-306DF068936D}.Ad-Hoc|x86.ActiveCfg = Release|x86
		{19F480BC-0848-4735-AA90-306DF068936D}.Ad-Hoc|x86.Build.0 = Release|x86
		{19F480BC-0848-4735-AA90-306DF068936D}.Ad-Hoc|x86.Deploy.0 = Release|x86
		{19F480BC-0848-4735-AA90-306DF068936D}.AppStore|Any CPU.ActiveCfg = Release|x86
		{19F480BC-0848-4735-AA90-306DF068936D}.AppStore|Any CPU.Build.0 = Release|x86
		{19F480BC-0848-4735-AA90-306DF068936D}.AppStore|Any CPU.Deploy.0 = Release|x86
		{19F480BC-0848-4735-AA90-306DF068936D}.AppStore|ARM.ActiveCfg = Release|ARM
		{19F480BC-0848-4735-AA90-306DF068936D}.AppStore|ARM.Build.0 = Release|ARM
		{19F480BC-0848-4735-AA90-306DF068936D}.AppStore|ARM.Deploy.0 = Release|ARM
		{19F480BC-0848-4735-AA90-306DF068936D}.AppStore|iPhone.ActiveCfg = Release|x86
		{19F480BC-0848-4735-AA90-306DF068936D}.AppStore|iPhone.Build.0 = Release|x86
		{19F480BC-0848-4735-AA90-306DF068936D}.AppStore|iPhone.Deploy.0 = Release|x86
		{19F480BC-0848-4735-AA90-306DF068936D}.AppStore|iPhoneSimulator.ActiveCfg = Release|x86
		{19F480BC-0848-4735-AA90-306DF068936D}.AppStore|iPhoneSimulator.Build.0 = Release|x86
		{19F480BC-0848-4735-AA90-306DF068936D}.AppStore|iPhoneSimulator.Deploy.0 = Release|x86
		{19F480BC-0848-4735-AA90-306DF068936D}.AppStore|x64.ActiveCfg = Release|x64
		{19F480BC-0848-4735-AA90-306DF068936D}.AppStore|x64.Build.0 = Release|x64
		{19F480BC-0848-4735-AA90-306DF068936D}.AppStore|x64.Deploy.0 = Release|x64
		{19F480BC-0848-4735-AA90-306DF068936D}.AppStore|x86.ActiveCfg = Release|x86
		{19F480BC-0848-4735-AA90-306DF068936D}.AppStore|x86.Build.0 = Release|x86
		{19F480BC-0848-4735-AA90-306DF068936D}.AppStore|x86.Deploy.0 = Release|x86
		{19F480BC-0848-4735-AA90-306DF068936D}.Debug|Any CPU.ActiveCfg = Debug|x86
		{19F480BC-0848-4735-AA90-306DF068936D}.Debug|ARM.ActiveCfg = Debug|ARM
		{19F480BC-0848-4735-AA90-306DF068936D}.Debug|ARM.Build.0 = Debug|ARM
		{19F480BC-0848-4735-AA90-306DF068936D}.Debug|ARM.Deploy.0 = Debug|ARM
		{19F480BC-0848-4735-AA90-306DF068936D}.Debug|iPhone.ActiveCfg = Debug|x86
		{19F480BC-0848-4735-AA90-306DF068936D}.Debug|iPhoneSimulator.ActiveCfg = Debug|x86
		{19F480BC-0848-4735-AA90-306DF068936D}.Debug|x64.ActiveCfg = Debug|x64
		{19F480BC-0848-4735-AA90-306DF068936D}.Debug|x64.Build.0 = Debug|x64
		{19F480BC-0848-4735-AA90-306DF068936D}.Debug|x64.Deploy.0 = Debug|x64
		{19F480BC-0848-4735-AA90-306DF068936D}.Debug|x86.ActiveCfg = Debug|x86
		{19F480BC-0848-4735-AA90-306DF068936D}.Debug|x86.Build.0 = Debug|x86
		{19F480BC-0848-4735-AA90-306DF068936D}.Debug|x86.Deploy.0 = Debug|x86
		{19F480BC-0848-4735-AA90-306DF068936D}.Release|Any CPU.ActiveCfg = Release|x86
		{19F480BC-0848-4735-AA90-306DF068936D}.Release|ARM.ActiveCfg = Release|ARM
		{19F480BC-0848-4735-AA90-306DF068936D}.Release|ARM.Build.0 = Release|ARM
		{19F480BC-0848-4735-AA90-306DF068936D}.Release|ARM.Deploy.0 = Release|ARM
		{19F480BC-0848-4735-AA90-306DF068936D}.Release|iPhone.ActiveCfg = Release|x86
		{19F480BC-0848-4735-AA90-306DF068936D}.Release|iPhoneSimulator.ActiveCfg = Release|x86
		{19F480BC-0848-4735-AA90-306DF068936D}.Release|x64.ActiveCfg = Release|x64
		{19F480BC-0848-4735-AA90-306DF068936D}.Release|x64.Build.0 = Release|x64
		{19F480BC-0848-4735-AA90-306DF068936D}.Release|x64.Deploy.0 = Release|x64
		{19F480BC-0848-4735-AA90-306DF068936D}.Release|x86.ActiveCfg = Release|x86
		{19F480BC-0848-4735-AA90-306DF068936D}.Release|x86.Build.0 = Release|x86
		{19F480BC-0848-4735-AA90-306DF068936D}.Release|x86.Deploy.0 = Release|x86
		{41D44FAF-A619-4B55-8087-2170C313F0C1}.Ad-Hoc|Any CPU.ActiveCfg = Debug|Any CPU
		{41D44FAF-A619-4B55-8087-2170C313F0C1}.Ad-Hoc|Any CPU.Build.0 = Debug|Any CPU
		{41D44FAF-A619-4B55-8087-2170C313F0C1}.Ad-Hoc|ARM.ActiveCfg = Debug|Any CPU
		{41D44FAF-A619-4B55-8087-2170C313F0C1}.Ad-Hoc|ARM.Build.0 = Debug|Any CPU
		{41D44FAF-A619-4B55-8087-2170C313F0C1}.Ad-Hoc|iPhone.ActiveCfg = Debug|Any CPU
		{41D44FAF-A619-4B55-8087-2170C313F0C1}.Ad-Hoc|iPhone.Build.0 = Debug|Any CPU
		{41D44FAF-A619-4B55-8087-2170C313F0C1}.Ad-Hoc|iPhoneSimulator.ActiveCfg = Debug|Any CPU
		{41D44FAF-A619-4B55-8087-2170C313F0C1}.Ad-Hoc|iPhoneSimulator.Build.0 = Debug|Any CPU
		{41D44FAF-A619-4B55-8087-2170C313F0C1}.Ad-Hoc|x64.ActiveCfg = Debug|Any CPU
		{41D44FAF-A619-4B55-8087-2170C313F0C1}.Ad-Hoc|x64.Build.0 = Debug|Any CPU
		{41D44FAF-A619-4B55-8087-2170C313F0C1}.Ad-Hoc|x86.ActiveCfg = Debug|Any CPU
		{41D44FAF-A619-4B55-8087-2170C313F0C1}.Ad-Hoc|x86.Build.0 = Debug|Any CPU
		{41D44FAF-A619-4B55-8087-2170C313F0C1}.AppStore|Any CPU.ActiveCfg = Debug|Any CPU
		{41D44FAF-A619-4B55-8087-2170C313F0C1}.AppStore|Any CPU.Build.0 = Debug|Any CPU
		{41D44FAF-A619-4B55-8087-2170C313F0C1}.AppStore|ARM.ActiveCfg = Debug|Any CPU
		{41D44FAF-A619-4B55-8087-2170C313F0C1}.AppStore|ARM.Build.0 = Debug|Any CPU
		{41D44FAF-A619-4B55-8087-2170C313F0C1}.AppStore|iPhone.ActiveCfg = Debug|Any CPU
		{41D44FAF-A619-4B55-8087-2170C313F0C1}.AppStore|iPhone.Build.0 = Debug|Any CPU
		{41D44FAF-A619-4B55-8087-2170C313F0C1}.AppStore|iPhoneSimulator.ActiveCfg = Debug|Any CPU
		{41D44FAF-A619-4B55-8087-2170C313F0C1}.AppStore|iPhoneSimulator.Build.0 = Debug|Any CPU
		{41D44FAF-A619-4B55-8087-2170C313F0C1}.AppStore|x64.ActiveCfg = Debug|Any CPU
		{41D44FAF-A619-4B55-8087-2170C313F0C1}.AppStore|x64.Build.0 = Debug|Any CPU
		{41D44FAF-A619-4B55-8087-2170C313F0C1}.AppStore|x86.ActiveCfg = Debug|Any CPU
		{41D44FAF-A619-4B55-8087-2170C313F0C1}.AppStore|x86.Build.0 = Debug|Any CPU
		{41D44FAF-A619-4B55-8087-2170C313F0C1}.Debug|Any CPU.ActiveCfg = Debug|Any CPU
		{41D44FAF-A619-4B55-8087-2170C313F0C1}.Debug|Any CPU.Build.0 = Debug|Any CPU
		{41D44FAF-A619-4B55-8087-2170C313F0C1}.Debug|ARM.ActiveCfg = Debug|Any CPU
		{41D44FAF-A619-4B55-8087-2170C313F0C1}.Debug|ARM.Build.0 = Debug|Any CPU
		{41D44FAF-A619-4B55-8087-2170C313F0C1}.Debug|iPhone.ActiveCfg = Debug|Any CPU
		{41D44FAF-A619-4B55-8087-2170C313F0C1}.Debug|iPhone.Build.0 = Debug|Any CPU
		{41D44FAF-A619-4B55-8087-2170C313F0C1}.Debug|iPhoneSimulator.ActiveCfg = Debug|Any CPU
		{41D44FAF-A619-4B55-8087-2170C313F0C1}.Debug|iPhoneSimulator.Build.0 = Debug|Any CPU
		{41D44FAF-A619-4B55-8087-2170C313F0C1}.Debug|x64.ActiveCfg = Debug|Any CPU
		{41D44FAF-A619-4B55-8087-2170C313F0C1}.Debug|x64.Build.0 = Debug|Any CPU
		{41D44FAF-A619-4B55-8087-2170C313F0C1}.Debug|x86.ActiveCfg = Debug|Any CPU
		{41D44FAF-A619-4B55-8087-2170C313F0C1}.Debug|x86.Build.0 = Debug|Any CPU
		{41D44FAF-A619-4B55-8087-2170C313F0C1}.Release|Any CPU.ActiveCfg = Release|Any CPU
		{41D44FAF-A619-4B55-8087-2170C313F0C1}.Release|Any CPU.Build.0 = Release|Any CPU
		{41D44FAF-A619-4B55-8087-2170C313F0C1}.Release|ARM.ActiveCfg = Release|Any CPU
		{41D44FAF-A619-4B55-8087-2170C313F0C1}.Release|ARM.Build.0 = Release|Any CPU
		{41D44FAF-A619-4B55-8087-2170C313F0C1}.Release|iPhone.ActiveCfg = Release|Any CPU
		{41D44FAF-A619-4B55-8087-2170C313F0C1}.Release|iPhone.Build.0 = Release|Any CPU
		{41D44FAF-A619-4B55-8087-2170C313F0C1}.Release|iPhoneSimulator.ActiveCfg = Release|Any CPU
		{41D44FAF-A619-4B55-8087-2170C313F0C1}.Release|iPhoneSimulator.Build.0 = Release|Any CPU
		{41D44FAF-A619-4B55-8087-2170C313F0C1}.Release|x64.ActiveCfg = Release|Any CPU
		{41D44FAF-A619-4B55-8087-2170C313F0C1}.Release|x64.Build.0 = Release|Any CPU
		{41D44FAF-A619-4B55-8087-2170C313F0C1}.Release|x86.ActiveCfg = Release|Any CPU
		{41D44FAF-A619-4B55-8087-2170C313F0C1}.Release|x86.Build.0 = Release|Any CPU
	EndGlobalSection
	GlobalSection(SolutionProperties) = preSolution
		HideSolutionNode = FALSE
	EndGlobalSection
	GlobalSection(ExtensibilityGlobals) = postSolution
		SolutionGuid = {9C646C10-0421-4B95-B703-A31620199CED}
	EndGlobalSection
EndGlobal
